
Microsoft Visual Studio Solution File, Format Version 12.00
# Visual Studio Version 17
VisualStudioVersion = 17.4.33213.308
MinimumVisualStudioVersion = 10.0.40219.1
Project("{2150E333-8FDC-42A3-9474-1A3956D46DE8}") = "Core", "Core", "{9A325C3B-D812-430A-A23B-8C08FC4DD0E8}"
EndProject
Project("{9A19103F-16F7-4668-BE54-9A1E7A4F7556}") = "ServiceStation.Domain", "ServiceStation.Domain\ServiceStation.Domain.csproj", "{EDF3616F-7B6B-41C3-9285-BA3AAD1EDB89}"
EndProject
Project("{2150E333-8FDC-42A3-9474-1A3956D46DE8}") = "Infrastructure", "Infrastructure", "{17182809-CE7A-4ED0-B388-E146AA278A5A}"
EndProject
Project("{9A19103F-16F7-4668-BE54-9A1E7A4F7556}") = "ServiceStation.Persistense", "ServiceStation.Persistense\ServiceStation.Persistense.csproj", "{78622AF9-0864-4638-8FCF-10372F1DD08A}"
EndProject
Project("{9A19103F-16F7-4668-BE54-9A1E7A4F7556}") = "ServiceStation.Application", "ServiceStation.Application\ServiceStation.Application.csproj", "{FDD56EF3-487A-4E30-987B-DB4B4F0CB0E9}"
EndProject
Project("{2150E333-8FDC-42A3-9474-1A3956D46DE8}") = "Tests", "Tests", "{05D81C68-D80A-4CAF-AFE8-040873CFBCF1}"
EndProject
Project("{9A19103F-16F7-4668-BE54-9A1E7A4F7556}") = "ServiceStation.Tests", "ServiceStation.Tests\ServiceStation.Tests.csproj", "{C1929412-5696-4D75-B080-67BE0CE60C02}"
EndProject
Project("{2150E333-8FDC-42A3-9474-1A3956D46DE8}") = "Servise", "Servise", "{8940939D-48CF-460C-930E-C057343E3D48}"
EndProject
Project("{9A19103F-16F7-4668-BE54-9A1E7A4F7556}") = "ServiceStation.BusinessLogic", "ServiceStation.BusinessLogic\ServiceStation.BusinessLogic.csproj", "{10C98279-BF66-4F33-860A-964D1C86D884}"
EndProject
Project("{2150E333-8FDC-42A3-9474-1A3956D46DE8}") = "Presentation", "Presentation", "{CE5300E6-B857-4E3C-B524-81458E1C7E57}"
EndProject
Project("{FAE04EC0-301F-11D3-BF4B-00C04F79EFBC}") = "ServiceStation.API", "ServiceStation.API\ServiceStation.API.csproj", "{C7F8EF1B-5FAA-47D4-AF14-911515879443}"
EndProject
Global
	GlobalSection(SolutionConfigurationPlatforms) = preSolution
		Debug|Any CPU = Debug|Any CPU
		Release|Any CPU = Release|Any CPU
	EndGlobalSection
	GlobalSection(ProjectConfigurationPlatforms) = postSolution
		{EDF3616F-7B6B-41C3-9285-BA3AAD1EDB89}.Debug|Any CPU.ActiveCfg = Debug|Any CPU
		{EDF3616F-7B6B-41C3-9285-BA3AAD1EDB89}.Debug|Any CPU.Build.0 = Debug|Any CPU
		{EDF3616F-7B6B-41C3-9285-BA3AAD1EDB89}.Release|Any CPU.ActiveCfg = Release|Any CPU
		{EDF3616F-7B6B-41C3-9285-BA3AAD1EDB89}.Release|Any CPU.Build.0 = Release|Any CPU
		{78622AF9-0864-4638-8FCF-10372F1DD08A}.Debug|Any CPU.ActiveCfg = Debug|Any CPU
		{78622AF9-0864-4638-8FCF-10372F1DD08A}.Debug|Any CPU.Build.0 = Debug|Any CPU
		{78622AF9-0864-4638-8FCF-10372F1DD08A}.Release|Any CPU.ActiveCfg = Release|Any CPU
		{78622AF9-0864-4638-8FCF-10372F1DD08A}.Release|Any CPU.Build.0 = Release|Any CPU
		{FDD56EF3-487A-4E30-987B-DB4B4F0CB0E9}.Debug|Any CPU.ActiveCfg = Debug|Any CPU
		{FDD56EF3-487A-4E30-987B-DB4B4F0CB0E9}.Debug|Any CPU.Build.0 = Debug|Any CPU
		{FDD56EF3-487A-4E30-987B-DB4B4F0CB0E9}.Release|Any CPU.ActiveCfg = Release|Any CPU
		{FDD56EF3-487A-4E30-987B-DB4B4F0CB0E9}.Release|Any CPU.Build.0 = Release|Any CPU
		{C1929412-5696-4D75-B080-67BE0CE60C02}.Debug|Any CPU.ActiveCfg = Debug|Any CPU
		{C1929412-5696-4D75-B080-67BE0CE60C02}.Debug|Any CPU.Build.0 = Debug|Any CPU
		{C1929412-5696-4D75-B080-67BE0CE60C02}.Release|Any CPU.ActiveCfg = Release|Any CPU
		{C1929412-5696-4D75-B080-67BE0CE60C02}.Release|Any CPU.Build.0 = Release|Any CPU
		{10C98279-BF66-4F33-860A-964D1C86D884}.Debug|Any CPU.ActiveCfg = Debug|Any CPU
		{10C98279-BF66-4F33-860A-964D1C86D884}.Debug|Any CPU.Build.0 = Debug|Any CPU
		{10C98279-BF66-4F33-860A-964D1C86D884}.Release|Any CPU.ActiveCfg = Release|Any CPU
		{10C98279-BF66-4F33-860A-964D1C86D884}.Release|Any CPU.Build.0 = Release|Any CPU
		{C7F8EF1B-5FAA-47D4-AF14-911515879443}.Debug|Any CPU.ActiveCfg = Debug|Any CPU
		{C7F8EF1B-5FAA-47D4-AF14-911515879443}.Debug|Any CPU.Build.0 = Debug|Any CPU
		{C7F8EF1B-5FAA-47D4-AF14-911515879443}.Release|Any CPU.ActiveCfg = Release|Any CPU
		{C7F8EF1B-5FAA-47D4-AF14-911515879443}.Release|Any CPU.Build.0 = Release|Any CPU
	EndGlobalSection
	GlobalSection(SolutionProperties) = preSolution
		HideSolutionNode = FALSE
	EndGlobalSection
	GlobalSection(NestedProjects) = preSolution
		{EDF3616F-7B6B-41C3-9285-BA3AAD1EDB89} = {9A325C3B-D812-430A-A23B-8C08FC4DD0E8}
		{78622AF9-0864-4638-8FCF-10372F1DD08A} = {17182809-CE7A-4ED0-B388-E146AA278A5A}
		{FDD56EF3-487A-4E30-987B-DB4B4F0CB0E9} = {9A325C3B-D812-430A-A23B-8C08FC4DD0E8}
		{C1929412-5696-4D75-B080-67BE0CE60C02} = {05D81C68-D80A-4CAF-AFE8-040873CFBCF1}
		{10C98279-BF66-4F33-860A-964D1C86D884} = {8940939D-48CF-460C-930E-C057343E3D48}
		{C7F8EF1B-5FAA-47D4-AF14-911515879443} = {CE5300E6-B857-4E3C-B524-81458E1C7E57}
	EndGlobalSection
	GlobalSection(ExtensibilityGlobals) = postSolution
		SolutionGuid = {894376F0-C016-442E-ACD8-5080E467514C}
	EndGlobalSection
EndGlobal
