
Microsoft Visual Studio Solution File, Format Version 12.00
# Visual Studio Version 17
VisualStudioVersion = 17.4.33213.308
MinimumVisualStudioVersion = 10.0.40219.1
Project("{2150E333-8FDC-42A3-9474-1A3956D46DE8}") = "Core", "Core", "{DB9C51F8-77AA-4A5C-95CD-F7143A6AA3CF}"
EndProject
Project("{9A19103F-16F7-4668-BE54-9A1E7A4F7556}") = "ServiceSolution.Domain", "ServiceSolution.Core\ServiceSolution.Domain.csproj", "{EE7CE177-A796-4514-A5F0-3B44A73E1903}"
EndProject
Project("{FAE04EC0-301F-11D3-BF4B-00C04F79EFBC}") = "ServiceStation.Application", "ServiceStation.Application\ServiceStation.Application.csproj", "{BEE87A8A-10FE-4E57-92FD-BF918C61E92E}"
EndProject
Project("{2150E333-8FDC-42A3-9474-1A3956D46DE8}") = "Infrastructure", "Infrastructure", "{658B4112-35CF-47F5-8175-7DBA9F16C7BD}"
EndProject
Project("{FAE04EC0-301F-11D3-BF4B-00C04F79EFBC}") = "ServiceStation.Persistence", "ServiceStation.Persistence\ServiceStation.Persistence.csproj", "{EFDD5C0B-6F8A-47BF-A5B3-70814503EE27}"
EndProject
Global
	GlobalSection(SolutionConfigurationPlatforms) = preSolution
		Debug|Any CPU = Debug|Any CPU
		Release|Any CPU = Release|Any CPU
	EndGlobalSection
	GlobalSection(ProjectConfigurationPlatforms) = postSolution
		{EE7CE177-A796-4514-A5F0-3B44A73E1903}.Debug|Any CPU.ActiveCfg = Debug|Any CPU
		{EE7CE177-A796-4514-A5F0-3B44A73E1903}.Debug|Any CPU.Build.0 = Debug|Any CPU
		{EE7CE177-A796-4514-A5F0-3B44A73E1903}.Release|Any CPU.ActiveCfg = Release|Any CPU
		{EE7CE177-A796-4514-A5F0-3B44A73E1903}.Release|Any CPU.Build.0 = Release|Any CPU
		{BEE87A8A-10FE-4E57-92FD-BF918C61E92E}.Debug|Any CPU.ActiveCfg = Debug|Any CPU
		{BEE87A8A-10FE-4E57-92FD-BF918C61E92E}.Debug|Any CPU.Build.0 = Debug|Any CPU
		{BEE87A8A-10FE-4E57-92FD-BF918C61E92E}.Release|Any CPU.ActiveCfg = Release|Any CPU
		{BEE87A8A-10FE-4E57-92FD-BF918C61E92E}.Release|Any CPU.Build.0 = Release|Any CPU
		{EFDD5C0B-6F8A-47BF-A5B3-70814503EE27}.Debug|Any CPU.ActiveCfg = Debug|Any CPU
		{EFDD5C0B-6F8A-47BF-A5B3-70814503EE27}.Debug|Any CPU.Build.0 = Debug|Any CPU
		{EFDD5C0B-6F8A-47BF-A5B3-70814503EE27}.Release|Any CPU.ActiveCfg = Release|Any CPU
		{EFDD5C0B-6F8A-47BF-A5B3-70814503EE27}.Release|Any CPU.Build.0 = Release|Any CPU
	EndGlobalSection
	GlobalSection(SolutionProperties) = preSolution
		HideSolutionNode = FALSE
	EndGlobalSection
	GlobalSection(NestedProjects) = preSolution
		{EE7CE177-A796-4514-A5F0-3B44A73E1903} = {DB9C51F8-77AA-4A5C-95CD-F7143A6AA3CF}
		{BEE87A8A-10FE-4E57-92FD-BF918C61E92E} = {DB9C51F8-77AA-4A5C-95CD-F7143A6AA3CF}
		{EFDD5C0B-6F8A-47BF-A5B3-70814503EE27} = {658B4112-35CF-47F5-8175-7DBA9F16C7BD}
	EndGlobalSection
	GlobalSection(ExtensibilityGlobals) = postSolution
		SolutionGuid = {894376F0-C016-442E-ACD8-5080E467514C}
	EndGlobalSection
EndGlobal
